PODS:
  - Flutter (1.0.0)
  - GzipSwift (5.1.1)
  - instana_agent (2.0.0):
    - Flutter
    - InstanaAgent (= 1.8.7)
  - InstanaAgent (1.8.7):
    - GzipSwift

DEPENDENCIES:
  - Flutter (from `Flutter`)
  - instana_agent (from `.symlinks/plugins/instana_agent/ios`)

SPEC REPOS:
  trunk:
    - GzipSwift
    - InstanaAgent

EXTERNAL SOURCES:
  Flutter:
    :path: Flutter
  instana_agent:
    :path: ".symlinks/plugins/instana_agent/ios"

SPEC CHECKSUMS:
  Flutter: e0871f40cf51350855a761d2e70bf5af5b9b5de7
  GzipSwift: 893f3e48e597a1a4f62fafcb6514220fcf8287fa
  instana_agent: 388d5f2714a54c49571017c5791d48fad40d3915
  InstanaAgent: e8e45238dbcd7719d72cdaa4d9b22966b5285020

PODFILE CHECKSUM: c4c93c5f6502fe2754f48404d3594bf779584011

COCOAPODS: 1.15.2
