PODS:
  - Flutter (1.0.0)
  - GzipSwift (5.1.1)
  - instana_agent (2.0.0):
    - Flutter
    - InstanaAgent (= 1.9.1)
  - InstanaAgent (1.9.1):
    - GzipSwift

DEPENDENCIES:
  - Flutter (from `Flutter`)
  - instana_agent (from `.symlinks/plugins/instana_agent/ios`)

SPEC REPOS:
  trunk:
    - GzipSwift
    - InstanaAgent

EXTERNAL SOURCES:
  Flutter:
    :path: Flutter
  instana_agent:
    :path: ".symlinks/plugins/instana_agent/ios"

SPEC CHECKSUMS:
  Flutter: e0871f40cf51350855a761d2e70bf5af5b9b5de7
  GzipSwift: 893f3e48e597a1a4f62fafcb6514220fcf8287fa
  instana_agent: 38d141980075b701f7ce619cca34521e88631481
  InstanaAgent: 7223e440ad934c4c3c129bf010999cd35c4a8943

PODFILE CHECKSUM: c4c93c5f6502fe2754f48404d3594bf779584011

COCOAPODS: 1.16.2
