PODS:
  - Flutter (1.0.0)
  - GzipSwift (5.1.1)
  - instana_agent (1.0.0):
    - Flutter
    - InstanaAgent (= 1.5.0)
  - InstanaAgent (1.5.0):
    - GzipSwift

DEPENDENCIES:
  - Flutter (from `Flutter`)
  - instana_agent (from `.symlinks/plugins/instana_agent/ios`)

SPEC REPOS:
  trunk:
    - GzipSwift
    - InstanaAgent

EXTERNAL SOURCES:
  Flutter:
    :path: Flutter
  instana_agent:
    :path: ".symlinks/plugins/instana_agent/ios"

SPEC CHECKSUMS:
  Flutter: 50d75fe2f02b26cc09d224853bb45737f8b3214a
  GzipSwift: 893f3e48e597a1a4f62fafcb6514220fcf8287fa
  instana_agent: 0dd8c18016514c18988d8ab0649fd943d4e4d1b7
  InstanaAgent: 19a0e38421e290d81e8a7d629d3b273c403dac04

PODFILE CHECKSUM: ef19549a9bc3046e7bb7d2fab4d021637c0c58a3

COCOAPODS: 1.11.3
